
Microsoft Visual Studio Solution File, Format Version 12.00
# Visual Studio Version 17
Project("{8BC9CEB8-8B4A-11D0-8D11-00A0C91BC942}") = "ALL_BUILD", "ALL_BUILD.vcxproj", "{6B4117CA-F848-328C-96A8-59AB954DB47B}"
	ProjectSection(ProjectDependencies) = postProject
		{EFB49FB8-1682-38EB-A336-9F6970478BA1} = {EFB49FB8-1682-38EB-A336-9F6970478BA1}
		{AAECDBF7-6226-35E2-BDC6-E3F9AAA7604C} = {AAECDBF7-6226-35E2-BDC6-E3F9AAA7604C}
		{10908C61-FAD4-302A-9FCB-2E4B4ED2FCC0} = {10908C61-FAD4-302A-9FCB-2E4B4ED2FCC0}
		{1DEEE053-441D-3BF8-A8A2-B532C45B4012} = {1DEEE053-441D-3BF8-A8A2-B532C45B4012}
		{570E8D69-7B25-3793-AF6C-F47B9D19702C} = {570E8D69-7B25-3793-AF6C-F47B9D19702C}
		{4545BEED-B291-3D31-B985-5CF9170B8627} = {4545BEED-B291-3D31-B985-5CF9170B8627}
		{35BE04C1-AFDE-3A23-A0A9-5D3B658AC345} = {35BE04C1-AFDE-3A23-A0A9-5D3B658AC345}
		{0B89D2B0-4E68-327B-9237-B9E7E7942EB4} = {0B89D2B0-4E68-327B-9237-B9E7E7942EB4}
		{9D10716E-5D56-39C6-97D0-DED028302604} = {9D10716E-5D56-39C6-97D0-DED028302604}
		{BFA677CF-08DE-30FE-B735-9C45FDC3B653} = {BFA677CF-08DE-30FE-B735-9C45FDC3B653}
		{8E4D8CDA-2E54-387F-B837-E7FE6A28BF97} = {8E4D8CDA-2E54-387F-B837-E7FE6A28BF97}
		{90E0DBA2-7DBA-3B0B-987E-8BDB5369A7A4} = {90E0DBA2-7DBA-3B0B-987E-8BDB5369A7A4}
	EndProjectSection
EndProject
Project("{8BC9CEB8-8B4A-11D0-8D11-00A0C91BC942}") = "INSTALL", "INSTALL.vcxproj", "{145B18E1-3498-3F4E-9C77-59CF90C91224}"
	ProjectSection(ProjectDependencies) = postProject
		{6B4117CA-F848-328C-96A8-59AB954DB47B} = {6B4117CA-F848-328C-96A8-59AB954DB47B}
		{EFB49FB8-1682-38EB-A336-9F6970478BA1} = {EFB49FB8-1682-38EB-A336-9F6970478BA1}
	EndProjectSection
EndProject
Project("{8BC9CEB8-8B4A-11D0-8D11-00A0C91BC942}") = "RUN_TESTS", "RUN_TESTS.vcxproj", "{4132D8B8-C525-391D-B842-DBBA7A6EA8EC}"
	ProjectSection(ProjectDependencies) = postProject
		{EFB49FB8-1682-38EB-A336-9F6970478BA1} = {EFB49FB8-1682-38EB-A336-9F6970478BA1}
	EndProjectSection
EndProject
Project("{8BC9CEB8-8B4A-11D0-8D11-00A0C91BC942}") = "ZERO_CHECK", "ZERO_CHECK.vcxproj", "{EFB49FB8-1682-38EB-A336-9F6970478BA1}"
	ProjectSection(ProjectDependencies) = postProject
	EndProjectSection
EndProject
Project("{8BC9CEB8-8B4A-11D0-8D11-00A0C91BC942}") = "analysis_tests", "tests\unit\analysis_tests.vcxproj", "{AAECDBF7-6226-35E2-BDC6-E3F9AAA7604C}"
	ProjectSection(ProjectDependencies) = postProject
		{EFB49FB8-1682-38EB-A336-9F6970478BA1} = {EFB49FB8-1682-38EB-A336-9F6970478BA1}
		{10908C61-FAD4-302A-9FCB-2E4B4ED2FCC0} = {10908C61-FAD4-302A-9FCB-2E4B4ED2FCC0}
		{0B89D2B0-4E68-327B-9237-B9E7E7942EB4} = {0B89D2B0-4E68-327B-9237-B9E7E7942EB4}
	EndProjectSection
EndProject
Project("{8BC9CEB8-8B4A-11D0-8D11-00A0C91BC942}") = "check_stub", "tests\unit\check_stub.vcxproj", "{10908C61-FAD4-302A-9FCB-2E4B4ED2FCC0}"
	ProjectSection(ProjectDependencies) = postProject
		{EFB49FB8-1682-38EB-A336-9F6970478BA1} = {EFB49FB8-1682-38EB-A336-9F6970478BA1}
	EndProjectSection
EndProject
Project("{8BC9CEB8-8B4A-11D0-8D11-00A0C91BC942}") = "config_loader_tests", "tests\unit\config_loader_tests.vcxproj", "{1DEEE053-441D-3BF8-A8A2-B532C45B4012}"
	ProjectSection(ProjectDependencies) = postProject
		{EFB49FB8-1682-38EB-A336-9F6970478BA1} = {EFB49FB8-1682-38EB-A336-9F6970478BA1}
		{10908C61-FAD4-302A-9FCB-2E4B4ED2FCC0} = {10908C61-FAD4-302A-9FCB-2E4B4ED2FCC0}
		{0B89D2B0-4E68-327B-9237-B9E7E7942EB4} = {0B89D2B0-4E68-327B-9237-B9E7E7942EB4}
	EndProjectSection
EndProject
Project("{8BC9CEB8-8B4A-11D0-8D11-00A0C91BC942}") = "config_runtime_tests", "tests\unit\config_runtime_tests.vcxproj", "{570E8D69-7B25-3793-AF6C-F47B9D19702C}"
	ProjectSection(ProjectDependencies) = postProject
		{EFB49FB8-1682-38EB-A336-9F6970478BA1} = {EFB49FB8-1682-38EB-A336-9F6970478BA1}
		{10908C61-FAD4-302A-9FCB-2E4B4ED2FCC0} = {10908C61-FAD4-302A-9FCB-2E4B4ED2FCC0}
		{0B89D2B0-4E68-327B-9237-B9E7E7942EB4} = {0B89D2B0-4E68-327B-9237-B9E7E7942EB4}
	EndProjectSection
EndProject
Project("{8BC9CEB8-8B4A-11D0-8D11-00A0C91BC942}") = "emwave", "emwave.vcxproj", "{4545BEED-B291-3D31-B985-5CF9170B8627}"
	ProjectSection(ProjectDependencies) = postProject
		{EFB49FB8-1682-38EB-A336-9F6970478BA1} = {EFB49FB8-1682-38EB-A336-9F6970478BA1}
		{0B89D2B0-4E68-327B-9237-B9E7E7942EB4} = {0B89D2B0-4E68-327B-9237-B9E7E7942EB4}
	EndProjectSection
EndProject
Project("{8BC9CEB8-8B4A-11D0-8D11-00A0C91BC942}") = "emwave_cli", "emwave_cli.vcxproj", "{35BE04C1-AFDE-3A23-A0A9-5D3B658AC345}"
	ProjectSection(ProjectDependencies) = postProject
		{EFB49FB8-1682-38EB-A336-9F6970478BA1} = {EFB49FB8-1682-38EB-A336-9F6970478BA1}
		{0B89D2B0-4E68-327B-9237-B9E7E7942EB4} = {0B89D2B0-4E68-327B-9237-B9E7E7942EB4}
	EndProjectSection
EndProject
Project("{8BC9CEB8-8B4A-11D0-8D11-00A0C91BC942}") = "emwave_core", "emwave_core.vcxproj", "{0B89D2B0-4E68-327B-9237-B9E7E7942EB4}"
	ProjectSection(ProjectDependencies) = postProject
		{EFB49FB8-1682-38EB-A336-9F6970478BA1} = {EFB49FB8-1682-38EB-A336-9F6970478BA1}
	EndProjectSection
EndProject
Project("{8BC9CEB8-8B4A-11D0-8D11-00A0C91BC942}") = "emwave_imgui", "emwave_imgui.vcxproj", "{9D10716E-5D56-39C6-97D0-DED028302604}"
	ProjectSection(ProjectDependencies) = postProject
		{EFB49FB8-1682-38EB-A336-9F6970478BA1} = {EFB49FB8-1682-38EB-A336-9F6970478BA1}
		{0B89D2B0-4E68-327B-9237-B9E7E7942EB4} = {0B89D2B0-4E68-327B-9237-B9E7E7942EB4}
	EndProjectSection
EndProject
Project("{8BC9CEB8-8B4A-11D0-8D11-00A0C91BC942}") = "emwave_solver", "emwave_solver.vcxproj", "{BFA677CF-08DE-30FE-B735-9C45FDC3B653}"
	ProjectSection(ProjectDependencies) = postProject
		{EFB49FB8-1682-38EB-A336-9F6970478BA1} = {EFB49FB8-1682-38EB-A336-9F6970478BA1}
	EndProjectSection
EndProject
Project("{8BC9CEB8-8B4A-11D0-8D11-00A0C91BC942}") = "fdtd_core_tests", "tests\unit\fdtd_core_tests.vcxproj", "{8E4D8CDA-2E54-387F-B837-E7FE6A28BF97}"
	ProjectSection(ProjectDependencies) = postProject
		{EFB49FB8-1682-38EB-A336-9F6970478BA1} = {EFB49FB8-1682-38EB-A336-9F6970478BA1}
		{10908C61-FAD4-302A-9FCB-2E4B4ED2FCC0} = {10908C61-FAD4-302A-9FCB-2E4B4ED2FCC0}
		{0B89D2B0-4E68-327B-9237-B9E7E7942EB4} = {0B89D2B0-4E68-327B-9237-B9E7E7942EB4}
	EndProjectSection
EndProject
Project("{8BC9CEB8-8B4A-11D0-8D11-00A0C91BC942}") = "render_layout_test", "render_layout_test.vcxproj", "{90E0DBA2-7DBA-3B0B-987E-8BDB5369A7A4}"
	ProjectSection(ProjectDependencies) = postProject
		{EFB49FB8-1682-38EB-A336-9F6970478BA1} = {EFB49FB8-1682-38EB-A336-9F6970478BA1}
	EndProjectSection
EndProject
Global
	GlobalSection(SolutionConfigurationPlatforms) = preSolution
		Debug|x64 = Debug|x64
		Release|x64 = Release|x64
		MinSizeRel|x64 = MinSizeRel|x64
		RelWithDebInfo|x64 = RelWithDebInfo|x64
	EndGlobalSection
	GlobalSection(ProjectConfigurationPlatforms) = postSolution
		{6B4117CA-F848-328C-96A8-59AB954DB47B}.Debug|x64.ActiveCfg = Debug|x64
		{6B4117CA-F848-328C-96A8-59AB954DB47B}.Debug|x64.Build.0 = Debug|x64
		{6B4117CA-F848-328C-96A8-59AB954DB47B}.Release|x64.ActiveCfg = Release|x64
		{6B4117CA-F848-328C-96A8-59AB954DB47B}.Release|x64.Build.0 = Release|x64
		{6B4117CA-F848-328C-96A8-59AB954DB47B}.MinSizeRel|x64.ActiveCfg = MinSizeRel|x64
		{6B4117CA-F848-328C-96A8-59AB954DB47B}.MinSizeRel|x64.Build.0 = MinSizeRel|x64
		{6B4117CA-F848-328C-96A8-59AB954DB47B}.RelWithDebInfo|x64.ActiveCfg = RelWithDebInfo|x64
		{6B4117CA-F848-328C-96A8-59AB954DB47B}.RelWithDebInfo|x64.Build.0 = RelWithDebInfo|x64
		{145B18E1-3498-3F4E-9C77-59CF90C91224}.Debug|x64.ActiveCfg = Debug|x64
		{145B18E1-3498-3F4E-9C77-59CF90C91224}.Release|x64.ActiveCfg = Release|x64
		{145B18E1-3498-3F4E-9C77-59CF90C91224}.MinSizeRel|x64.ActiveCfg = MinSizeRel|x64
		{145B18E1-3498-3F4E-9C77-59CF90C91224}.RelWithDebInfo|x64.ActiveCfg = RelWithDebInfo|x64
		{4132D8B8-C525-391D-B842-DBBA7A6EA8EC}.Debug|x64.ActiveCfg = Debug|x64
		{4132D8B8-C525-391D-B842-DBBA7A6EA8EC}.Release|x64.ActiveCfg = Release|x64
		{4132D8B8-C525-391D-B842-DBBA7A6EA8EC}.MinSizeRel|x64.ActiveCfg = MinSizeRel|x64
		{4132D8B8-C525-391D-B842-DBBA7A6EA8EC}.RelWithDebInfo|x64.ActiveCfg = RelWithDebInfo|x64
		{EFB49FB8-1682-38EB-A336-9F6970478BA1}.Debug|x64.ActiveCfg = Debug|x64
		{EFB49FB8-1682-38EB-A336-9F6970478BA1}.Debug|x64.Build.0 = Debug|x64
		{EFB49FB8-1682-38EB-A336-9F6970478BA1}.Release|x64.ActiveCfg = Release|x64
		{EFB49FB8-1682-38EB-A336-9F6970478BA1}.Release|x64.Build.0 = Release|x64
		{EFB49FB8-1682-38EB-A336-9F6970478BA1}.MinSizeRel|x64.ActiveCfg = MinSizeRel|x64
		{EFB49FB8-1682-38EB-A336-9F6970478BA1}.MinSizeRel|x64.Build.0 = MinSizeRel|x64
		{EFB49FB8-1682-38EB-A336-9F6970478BA1}.RelWithDebInfo|x64.ActiveCfg = RelWithDebInfo|x64
		{EFB49FB8-1682-38EB-A336-9F6970478BA1}.RelWithDebInfo|x64.Build.0 = RelWithDebInfo|x64
		{AAECDBF7-6226-35E2-BDC6-E3F9AAA7604C}.Debug|x64.ActiveCfg = Debug|x64
		{AAECDBF7-6226-35E2-BDC6-E3F9AAA7604C}.Debug|x64.Build.0 = Debug|x64
		{AAECDBF7-6226-35E2-BDC6-E3F9AAA7604C}.Release|x64.ActiveCfg = Release|x64
		{AAECDBF7-6226-35E2-BDC6-E3F9AAA7604C}.Release|x64.Build.0 = Release|x64
		{AAECDBF7-6226-35E2-BDC6-E3F9AAA7604C}.MinSizeRel|x64.ActiveCfg = MinSizeRel|x64
		{AAECDBF7-6226-35E2-BDC6-E3F9AAA7604C}.MinSizeRel|x64.Build.0 = MinSizeRel|x64
		{AAECDBF7-6226-35E2-BDC6-E3F9AAA7604C}.RelWithDebInfo|x64.ActiveCfg = RelWithDebInfo|x64
		{AAECDBF7-6226-35E2-BDC6-E3F9AAA7604C}.RelWithDebInfo|x64.Build.0 = RelWithDebInfo|x64
		{10908C61-FAD4-302A-9FCB-2E4B4ED2FCC0}.Debug|x64.ActiveCfg = Debug|x64
		{10908C61-FAD4-302A-9FCB-2E4B4ED2FCC0}.Debug|x64.Build.0 = Debug|x64
		{10908C61-FAD4-302A-9FCB-2E4B4ED2FCC0}.Release|x64.ActiveCfg = Release|x64
		{10908C61-FAD4-302A-9FCB-2E4B4ED2FCC0}.Release|x64.Build.0 = Release|x64
		{10908C61-FAD4-302A-9FCB-2E4B4ED2FCC0}.MinSizeRel|x64.ActiveCfg = MinSizeRel|x64
		{10908C61-FAD4-302A-9FCB-2E4B4ED2FCC0}.MinSizeRel|x64.Build.0 = MinSizeRel|x64
		{10908C61-FAD4-302A-9FCB-2E4B4ED2FCC0}.RelWithDebInfo|x64.ActiveCfg = RelWithDebInfo|x64
		{10908C61-FAD4-302A-9FCB-2E4B4ED2FCC0}.RelWithDebInfo|x64.Build.0 = RelWithDebInfo|x64
		{1DEEE053-441D-3BF8-A8A2-B532C45B4012}.Debug|x64.ActiveCfg = Debug|x64
		{1DEEE053-441D-3BF8-A8A2-B532C45B4012}.Debug|x64.Build.0 = Debug|x64
		{1DEEE053-441D-3BF8-A8A2-B532C45B4012}.Release|x64.ActiveCfg = Release|x64
		{1DEEE053-441D-3BF8-A8A2-B532C45B4012}.Release|x64.Build.0 = Release|x64
		{1DEEE053-441D-3BF8-A8A2-B532C45B4012}.MinSizeRel|x64.ActiveCfg = MinSizeRel|x64
		{1DEEE053-441D-3BF8-A8A2-B532C45B4012}.MinSizeRel|x64.Build.0 = MinSizeRel|x64
		{1DEEE053-441D-3BF8-A8A2-B532C45B4012}.RelWithDebInfo|x64.ActiveCfg = RelWithDebInfo|x64
		{1DEEE053-441D-3BF8-A8A2-B532C45B4012}.RelWithDebInfo|x64.Build.0 = RelWithDebInfo|x64
		{570E8D69-7B25-3793-AF6C-F47B9D19702C}.Debug|x64.ActiveCfg = Debug|x64
		{570E8D69-7B25-3793-AF6C-F47B9D19702C}.Debug|x64.Build.0 = Debug|x64
		{570E8D69-7B25-3793-AF6C-F47B9D19702C}.Release|x64.ActiveCfg = Release|x64
		{570E8D69-7B25-3793-AF6C-F47B9D19702C}.Release|x64.Build.0 = Release|x64
		{570E8D69-7B25-3793-AF6C-F47B9D19702C}.MinSizeRel|x64.ActiveCfg = MinSizeRel|x64
		{570E8D69-7B25-3793-AF6C-F47B9D19702C}.MinSizeRel|x64.Build.0 = MinSizeRel|x64
		{570E8D69-7B25-3793-AF6C-F47B9D19702C}.RelWithDebInfo|x64.ActiveCfg = RelWithDebInfo|x64
		{570E8D69-7B25-3793-AF6C-F47B9D19702C}.RelWithDebInfo|x64.Build.0 = RelWithDebInfo|x64
		{4545BEED-B291-3D31-B985-5CF9170B8627}.Debug|x64.ActiveCfg = Debug|x64
		{4545BEED-B291-3D31-B985-5CF9170B8627}.Debug|x64.Build.0 = Debug|x64
		{4545BEED-B291-3D31-B985-5CF9170B8627}.Release|x64.ActiveCfg = Release|x64
		{4545BEED-B291-3D31-B985-5CF9170B8627}.Release|x64.Build.0 = Release|x64
		{4545BEED-B291-3D31-B985-5CF9170B8627}.MinSizeRel|x64.ActiveCfg = MinSizeRel|x64
		{4545BEED-B291-3D31-B985-5CF9170B8627}.MinSizeRel|x64.Build.0 = MinSizeRel|x64
		{4545BEED-B291-3D31-B985-5CF9170B8627}.RelWithDebInfo|x64.ActiveCfg = RelWithDebInfo|x64
		{4545BEED-B291-3D31-B985-5CF9170B8627}.RelWithDebInfo|x64.Build.0 = RelWithDebInfo|x64
		{35BE04C1-AFDE-3A23-A0A9-5D3B658AC345}.Debug|x64.ActiveCfg = Debug|x64
		{35BE04C1-AFDE-3A23-A0A9-5D3B658AC345}.Debug|x64.Build.0 = Debug|x64
		{35BE04C1-AFDE-3A23-A0A9-5D3B658AC345}.Release|x64.ActiveCfg = Release|x64
		{35BE04C1-AFDE-3A23-A0A9-5D3B658AC345}.Release|x64.Build.0 = Release|x64
		{35BE04C1-AFDE-3A23-A0A9-5D3B658AC345}.MinSizeRel|x64.ActiveCfg = MinSizeRel|x64
		{35BE04C1-AFDE-3A23-A0A9-5D3B658AC345}.MinSizeRel|x64.Build.0 = MinSizeRel|x64
		{35BE04C1-AFDE-3A23-A0A9-5D3B658AC345}.RelWithDebInfo|x64.ActiveCfg = RelWithDebInfo|x64
		{35BE04C1-AFDE-3A23-A0A9-5D3B658AC345}.RelWithDebInfo|x64.Build.0 = RelWithDebInfo|x64
		{0B89D2B0-4E68-327B-9237-B9E7E7942EB4}.Debug|x64.ActiveCfg = Debug|x64
		{0B89D2B0-4E68-327B-9237-B9E7E7942EB4}.Debug|x64.Build.0 = Debug|x64
		{0B89D2B0-4E68-327B-9237-B9E7E7942EB4}.Release|x64.ActiveCfg = Release|x64
		{0B89D2B0-4E68-327B-9237-B9E7E7942EB4}.Release|x64.Build.0 = Release|x64
		{0B89D2B0-4E68-327B-9237-B9E7E7942EB4}.MinSizeRel|x64.ActiveCfg = MinSizeRel|x64
		{0B89D2B0-4E68-327B-9237-B9E7E7942EB4}.MinSizeRel|x64.Build.0 = MinSizeRel|x64
		{0B89D2B0-4E68-327B-9237-B9E7E7942EB4}.RelWithDebInfo|x64.ActiveCfg = RelWithDebInfo|x64
		{0B89D2B0-4E68-327B-9237-B9E7E7942EB4}.RelWithDebInfo|x64.Build.0 = RelWithDebInfo|x64
		{9D10716E-5D56-39C6-97D0-DED028302604}.Debug|x64.ActiveCfg = Debug|x64
		{9D10716E-5D56-39C6-97D0-DED028302604}.Debug|x64.Build.0 = Debug|x64
		{9D10716E-5D56-39C6-97D0-DED028302604}.Release|x64.ActiveCfg = Release|x64
		{9D10716E-5D56-39C6-97D0-DED028302604}.Release|x64.Build.0 = Release|x64
		{9D10716E-5D56-39C6-97D0-DED028302604}.MinSizeRel|x64.ActiveCfg = MinSizeRel|x64
		{9D10716E-5D56-39C6-97D0-DED028302604}.MinSizeRel|x64.Build.0 = MinSizeRel|x64
		{9D10716E-5D56-39C6-97D0-DED028302604}.RelWithDebInfo|x64.ActiveCfg = RelWithDebInfo|x64
		{9D10716E-5D56-39C6-97D0-DED028302604}.RelWithDebInfo|x64.Build.0 = RelWithDebInfo|x64
		{BFA677CF-08DE-30FE-B735-9C45FDC3B653}.Debug|x64.ActiveCfg = Debug|x64
		{BFA677CF-08DE-30FE-B735-9C45FDC3B653}.Debug|x64.Build.0 = Debug|x64
		{BFA677CF-08DE-30FE-B735-9C45FDC3B653}.Release|x64.ActiveCfg = Release|x64
		{BFA677CF-08DE-30FE-B735-9C45FDC3B653}.Release|x64.Build.0 = Release|x64
		{BFA677CF-08DE-30FE-B735-9C45FDC3B653}.MinSizeRel|x64.ActiveCfg = MinSizeRel|x64
		{BFA677CF-08DE-30FE-B735-9C45FDC3B653}.MinSizeRel|x64.Build.0 = MinSizeRel|x64
		{BFA677CF-08DE-30FE-B735-9C45FDC3B653}.RelWithDebInfo|x64.ActiveCfg = RelWithDebInfo|x64
		{BFA677CF-08DE-30FE-B735-9C45FDC3B653}.RelWithDebInfo|x64.Build.0 = RelWithDebInfo|x64
		{8E4D8CDA-2E54-387F-B837-E7FE6A28BF97}.Debug|x64.ActiveCfg = Debug|x64
		{8E4D8CDA-2E54-387F-B837-E7FE6A28BF97}.Debug|x64.Build.0 = Debug|x64
		{8E4D8CDA-2E54-387F-B837-E7FE6A28BF97}.Release|x64.ActiveCfg = Release|x64
		{8E4D8CDA-2E54-387F-B837-E7FE6A28BF97}.Release|x64.Build.0 = Release|x64
		{8E4D8CDA-2E54-387F-B837-E7FE6A28BF97}.MinSizeRel|x64.ActiveCfg = MinSizeRel|x64
		{8E4D8CDA-2E54-387F-B837-E7FE6A28BF97}.MinSizeRel|x64.Build.0 = MinSizeRel|x64
		{8E4D8CDA-2E54-387F-B837-E7FE6A28BF97}.RelWithDebInfo|x64.ActiveCfg = RelWithDebInfo|x64
		{8E4D8CDA-2E54-387F-B837-E7FE6A28BF97}.RelWithDebInfo|x64.Build.0 = RelWithDebInfo|x64
		{90E0DBA2-7DBA-3B0B-987E-8BDB5369A7A4}.Debug|x64.ActiveCfg = Debug|x64
		{90E0DBA2-7DBA-3B0B-987E-8BDB5369A7A4}.Debug|x64.Build.0 = Debug|x64
		{90E0DBA2-7DBA-3B0B-987E-8BDB5369A7A4}.Release|x64.ActiveCfg = Release|x64
		{90E0DBA2-7DBA-3B0B-987E-8BDB5369A7A4}.Release|x64.Build.0 = Release|x64
		{90E0DBA2-7DBA-3B0B-987E-8BDB5369A7A4}.MinSizeRel|x64.ActiveCfg = MinSizeRel|x64
		{90E0DBA2-7DBA-3B0B-987E-8BDB5369A7A4}.MinSizeRel|x64.Build.0 = MinSizeRel|x64
		{90E0DBA2-7DBA-3B0B-987E-8BDB5369A7A4}.RelWithDebInfo|x64.ActiveCfg = RelWithDebInfo|x64
		{90E0DBA2-7DBA-3B0B-987E-8BDB5369A7A4}.RelWithDebInfo|x64.Build.0 = RelWithDebInfo|x64
	EndGlobalSection
	GlobalSection(ExtensibilityGlobals) = postSolution
		SolutionGuid = {86580D37-CAFD-3BED-9FC4-37A767BA0A92}
	EndGlobalSection
	GlobalSection(ExtensibilityAddIns) = postSolution
	EndGlobalSection
EndGlobal
