<?xml version="1.0" encoding="utf-8"?>
<Project ToolsVersion="17.0" xmlns="http://schemas.microsoft.com/developer/msbuild/2003">
  <ItemGroup>
    <ClCompile Include="C:\projects\emwave-c\src\app\main_new.c">
      <Filter>Source Files</Filter>
    </ClCompile>
    <ClCompile Include="C:\projects\emwave-c\src\ui\ui_controls.c">
      <Filter>Source Files</Filter>
    </ClCompile>
    <ClCompile Include="C:\projects\emwave-c\src\ui\ui_render.c">
      <Filter>Source Files</Filter>
    </ClCompile>
    <ClCompile Include="C:\projects\emwave-c\src\ui\ui_layout.c">
      <Filter>Source Files</Filter>
    </ClCompile>
  </ItemGroup>
  <ItemGroup>
    <CustomBuild Include="C:\projects\emwave-c\CMakeLists.txt" />
  </ItemGroup>
  <ItemGroup>
    <Filter Include="Source Files">
      <UniqueIdentifier>{A1B0A43E-FD4E-3D1B-A883-BD409CADF3A4}</UniqueIdentifier>
    </Filter>
  </ItemGroup>
</Project>
